{
  "nodes": {
    "nixpkgs": {
      "locked": {
        "lastModified": 1734362611,
        "narHash": "sha256-8sHSmwyOOHSr4tLT5+kUL1J9yXnZzzzaHcXqkeZEgaY=",
        "owner": "NixOS",
        "repo": "nixpkgs",
        "rev": "58583e85d17ae2f1df3c8f3914c1aee37116aa86",
        "type": "github"
      },
      "original": {
        "owner": "NixOS",
        "repo": "nixpkgs",
        "type": "github"
      }
    },
    "quartz-src": {
      "flake": false,
      "locked": {
        "lastModified": 1733874207,
        "narHash": "sha256-4wU0tDWnOScSqpHWtoZcsaMn6785aeKJaJhmBA9swUI=",
        "owner": "jackyzha0",
        "repo": "quartz",
        "rev": "8141cb1587295b05277a5d380e8006deca6e88c6",
        "type": "github"
      },
      "original": {
        "owner": "jackyzha0",
        "repo": "quartz",
        "type": "github"
      }
    },
    "root": {
      "inputs": {
        "nixpkgs": "nixpkgs",
        "quartz-src": "quartz-src"
      }
    }
  },
  "root": "root",
  "version": 7
}
